
Microsoft Visual Studio Solution File, Format Version 12.00
Project("{2150E333-8FDC-42A3-9474-1A3956D46DE8}") = "src", "src", "{62B05EA2-D689-425E-B2B2-8874DC411D5D}"
EndProject
Project("{FAE04EC0-301F-11D3-BF4B-00C04F79EFBC}") = "Application", "Application\Application.csproj", "{70B73CEF-6A72-475B-B99C-E6641543F88C}"
EndProject
Project("{FAE04EC0-301F-11D3-BF4B-00C04F79EFBC}") = "Domain", "Domain\Domain.csproj", "{6F1EB222-4E83-451A-8A96-1B939C9B237D}"
EndProject
Project("{FAE04EC0-301F-11D3-BF4B-00C04F79EFBC}") = "Infrastructure", "Infrastructure\Infrastructure.csproj", "{6489FC45-90E7-4ADC-8DE3-5EEFA4B7FFAB}"
EndProject
Project("{FAE04EC0-301F-11D3-BF4B-00C04F79EFBC}") = "Api", "Api\Api.csproj", "{70A555D4-ECB0-465C-BBD3-058A606EBCD5}"
EndProject
Project("{2150E333-8FDC-42A3-9474-1A3956D46DE8}") = "tests", "tests", "{0CBA0704-ACBD-47F9-99F5-6B053C259882}"
EndProject
Project("{FAE04EC0-301F-11D3-BF4B-00C04F79EFBC}") = "Api.Tests.Integration", "Api.Tests.Integration\Api.Tests.Integration.csproj", "{2E24C1BD-BC96-4CEE-9CCB-BDF5ABA2AAB9}"
EndProject
Project("{FAE04EC0-301F-11D3-BF4B-00C04F79EFBC}") = "Tests.Common", "Tests.Common\Tests.Common.csproj", "{34139C15-7F3B-4DFE-B9D8-5B0B1C8BC1AA}"
EndProject
Project("{FAE04EC0-301F-11D3-BF4B-00C04F79EFBC}") = "Tests.Data", "Tests.Data\Tests.Data.csproj", "{A3CE35B3-82CE-4D5C-B2E0-B7E23ACBAF8E}"
EndProject
Global
	GlobalSection(SolutionConfigurationPlatforms) = preSolution
		Debug|Any CPU = Debug|Any CPU
		Release|Any CPU = Release|Any CPU
	EndGlobalSection
	GlobalSection(ProjectConfigurationPlatforms) = postSolution
		{70B73CEF-6A72-475B-B99C-E6641543F88C}.Debug|Any CPU.ActiveCfg = Debug|Any CPU
		{70B73CEF-6A72-475B-B99C-E6641543F88C}.Debug|Any CPU.Build.0 = Debug|Any CPU
		{70B73CEF-6A72-475B-B99C-E6641543F88C}.Release|Any CPU.ActiveCfg = Release|Any CPU
		{70B73CEF-6A72-475B-B99C-E6641543F88C}.Release|Any CPU.Build.0 = Release|Any CPU
		{6F1EB222-4E83-451A-8A96-1B939C9B237D}.Debug|Any CPU.ActiveCfg = Debug|Any CPU
		{6F1EB222-4E83-451A-8A96-1B939C9B237D}.Debug|Any CPU.Build.0 = Debug|Any CPU
		{6F1EB222-4E83-451A-8A96-1B939C9B237D}.Release|Any CPU.ActiveCfg = Release|Any CPU
		{6F1EB222-4E83-451A-8A96-1B939C9B237D}.Release|Any CPU.Build.0 = Release|Any CPU
		{6489FC45-90E7-4ADC-8DE3-5EEFA4B7FFAB}.Debug|Any CPU.ActiveCfg = Debug|Any CPU
		{6489FC45-90E7-4ADC-8DE3-5EEFA4B7FFAB}.Debug|Any CPU.Build.0 = Debug|Any CPU
		{6489FC45-90E7-4ADC-8DE3-5EEFA4B7FFAB}.Release|Any CPU.ActiveCfg = Release|Any CPU
		{6489FC45-90E7-4ADC-8DE3-5EEFA4B7FFAB}.Release|Any CPU.Build.0 = Release|Any CPU
		{70A555D4-ECB0-465C-BBD3-058A606EBCD5}.Debug|Any CPU.ActiveCfg = Debug|Any CPU
		{70A555D4-ECB0-465C-BBD3-058A606EBCD5}.Debug|Any CPU.Build.0 = Debug|Any CPU
		{70A555D4-ECB0-465C-BBD3-058A606EBCD5}.Release|Any CPU.ActiveCfg = Release|Any CPU
		{70A555D4-ECB0-465C-BBD3-058A606EBCD5}.Release|Any CPU.Build.0 = Release|Any CPU
		{2E24C1BD-BC96-4CEE-9CCB-BDF5ABA2AAB9}.Debug|Any CPU.ActiveCfg = Debug|Any CPU
		{2E24C1BD-BC96-4CEE-9CCB-BDF5ABA2AAB9}.Debug|Any CPU.Build.0 = Debug|Any CPU
		{2E24C1BD-BC96-4CEE-9CCB-BDF5ABA2AAB9}.Release|Any CPU.ActiveCfg = Release|Any CPU
		{2E24C1BD-BC96-4CEE-9CCB-BDF5ABA2AAB9}.Release|Any CPU.Build.0 = Release|Any CPU
		{34139C15-7F3B-4DFE-B9D8-5B0B1C8BC1AA}.Debug|Any CPU.ActiveCfg = Debug|Any CPU
		{34139C15-7F3B-4DFE-B9D8-5B0B1C8BC1AA}.Debug|Any CPU.Build.0 = Debug|Any CPU
		{34139C15-7F3B-4DFE-B9D8-5B0B1C8BC1AA}.Release|Any CPU.ActiveCfg = Release|Any CPU
		{34139C15-7F3B-4DFE-B9D8-5B0B1C8BC1AA}.Release|Any CPU.Build.0 = Release|Any CPU
		{A3CE35B3-82CE-4D5C-B2E0-B7E23ACBAF8E}.Debug|Any CPU.ActiveCfg = Debug|Any CPU
		{A3CE35B3-82CE-4D5C-B2E0-B7E23ACBAF8E}.Debug|Any CPU.Build.0 = Debug|Any CPU
		{A3CE35B3-82CE-4D5C-B2E0-B7E23ACBAF8E}.Release|Any CPU.ActiveCfg = Release|Any CPU
		{A3CE35B3-82CE-4D5C-B2E0-B7E23ACBAF8E}.Release|Any CPU.Build.0 = Release|Any CPU
	EndGlobalSection
	GlobalSection(NestedProjects) = preSolution
		{70B73CEF-6A72-475B-B99C-E6641543F88C} = {62B05EA2-D689-425E-B2B2-8874DC411D5D}
		{6F1EB222-4E83-451A-8A96-1B939C9B237D} = {62B05EA2-D689-425E-B2B2-8874DC411D5D}
		{6489FC45-90E7-4ADC-8DE3-5EEFA4B7FFAB} = {62B05EA2-D689-425E-B2B2-8874DC411D5D}
		{70A555D4-ECB0-465C-BBD3-058A606EBCD5} = {62B05EA2-D689-425E-B2B2-8874DC411D5D}
		{2E24C1BD-BC96-4CEE-9CCB-BDF5ABA2AAB9} = {0CBA0704-ACBD-47F9-99F5-6B053C259882}
		{34139C15-7F3B-4DFE-B9D8-5B0B1C8BC1AA} = {0CBA0704-ACBD-47F9-99F5-6B053C259882}
		{A3CE35B3-82CE-4D5C-B2E0-B7E23ACBAF8E} = {0CBA0704-ACBD-47F9-99F5-6B053C259882}
	EndGlobalSection
EndGlobal
